{
  "originHash" : "9ae78d6d3a574346b90aaf9bcdb1eafd354f3fca01a6c27c148c7662a2879673",
  "pins" : [
    {
      "identity" : "highlightswift",
      "kind" : "remoteSourceControl",
      "location" : "https://github.com/appstefan/HighlightSwift",
      "state" : {
        "revision" : "784ca3ccfc8a2cf724fbb2f06cb6ec3329424da3",
        "version" : "1.1.0"
      }
    },
    {
      "identity" : "hotkey",
      "kind" : "remoteSourceControl",
      "location" : "https://github.com/soffes/HotKey",
      "state" : {
        "branch" : "main",
        "revision" : "a3cf605d7a96f6ff50e04fcb6dea6e2613cfcbe4"
      }
    },
    {
      "identity" : "keychain-swift",
      "kind" : "remoteSourceControl",
      "location" : "https://github.com/evgenyneu/keychain-swift",
      "state" : {
        "revision" : "5e1b02b6a9dac2a759a1d5dbc175c86bd192a608",
        "version" : "24.0.0"
      }
    },
    {
      "identity" : "launchatlogin-modern",
      "kind" : "remoteSourceControl",
      "location" : "https://github.com/sindresorhus/LaunchAtLogin-Modern",
      "state" : {
        "branch" : "main",
        "revision" : "a04ec1c363be3627734f6dad757d82f5d4fa8fcc"
      }
    },
    {
      "identity" : "openai",
      "kind" : "remoteSourceControl",
      "location" : "https://github.com/MacPaw/OpenAI",
      "state" : {
        "revision" : "80045fcda7ba727a327eb0a525e983fd7a796c70",
        "version" : "0.4.6"
      }
    },
    {
      "identity" : "sqlite.swift",
      "kind" : "remoteSourceControl",
      "location" : "https://github.com/stephencelis/SQLite.swift",
      "state" : {
        "revision" : "392dd6058624d9f6c5b4c769d165ddd8c7293394",
        "version" : "0.15.4"
      }
    },
    {
      "identity" : "swift-http-types",
      "kind" : "remoteSourceControl",
      "location" : "https://github.com/apple/swift-http-types",
      "state" : {
        "revision" : "a0a57e949a8903563aba4615869310c0ebf14c03",
        "version" : "1.4.0"
      }
    },
    {
      "identity" : "swift-openapi-runtime",
      "kind" : "remoteSourceControl",
      "location" : "https://github.com/apple/swift-openapi-runtime",
      "state" : {
        "revision" : "8f33cc5dfe81169fb167da73584b9c72c3e8bc23",
        "version" : "1.8.2"
      }
    },
    {
      "identity" : "swift-toolchain-sqlite",
      "kind" : "remoteSourceControl",
      "location" : "https://github.com/swiftlang/swift-toolchain-sqlite",
      "state" : {
        "revision" : "b626d3002773b1a1304166643e7f118f724b2132",
        "version" : "1.0.4"
      }
    }
  ],
  "version" : 3
}
